
Microsoft Visual Studio Solution File, Format Version 12.00
# Visual Studio Version 17
VisualStudioVersion = 17.10.35122.118
MinimumVisualStudioVersion = 10.0.40219.1
Project("{FAE04EC0-301F-11D3-BF4B-00C04F79EFBC}") = "Esame", "Esame\Esame.csproj", "{A8E31B2F-C8DA-473E-9EB3-4A88D46F678D}"
EndProject
Global
	GlobalSection(SolutionConfigurationPlatforms) = preSolution
		Debug|Any CPU = Debug|Any CPU
		Release|Any CPU = Release|Any CPU
	EndGlobalSection
	GlobalSection(ProjectConfigurationPlatforms) = postSolution
		{A8E31B2F-C8DA-473E-9EB3-4A88D46F678D}.Debug|Any CPU.ActiveCfg = Debug|Any CPU
		{A8E31B2F-C8DA-473E-9EB3-4A88D46F678D}.Debug|Any CPU.Build.0 = Debug|Any CPU
		{A8E31B2F-C8DA-473E-9EB3-4A88D46F678D}.Debug|Any CPU.Deploy.0 = Debug|Any CPU
		{A8E31B2F-C8DA-473E-9EB3-4A88D46F678D}.Release|Any CPU.ActiveCfg = Release|Any CPU
		{A8E31B2F-C8DA-473E-9EB3-4A88D46F678D}.Release|Any CPU.Build.0 = Release|Any CPU
		{A8E31B2F-C8DA-473E-9EB3-4A88D46F678D}.Release|Any CPU.Deploy.0 = Release|Any CPU
	EndGlobalSection
	GlobalSection(SolutionProperties) = preSolution
		HideSolutionNode = FALSE
	EndGlobalSection
	GlobalSection(ExtensibilityGlobals) = postSolution
		SolutionGuid = {ADC651C2-F303-452B-A323-E37D621271F4}
	EndGlobalSection
EndGlobal
